
Microsoft Visual Studio Solution File, Format Version 12.00
# Visual Studio Version 17
VisualStudioVersion = 17.3.32929.385
MinimumVisualStudioVersion = 10.0.40219.1
Project("{FAE04EC0-301F-11D3-BF4B-00C04F79EFBC}") = "CadastroHospital", "CadastroHospital\CadastroHospital.csproj", "{CD959629-36E2-4E50-A96F-F8AA51FC9E3C}"
EndProject
Global
	GlobalSection(SolutionConfigurationPlatforms) = preSolution
		Debug|Any CPU = Debug|Any CPU
		Release|Any CPU = Release|Any CPU
	EndGlobalSection
	GlobalSection(ProjectConfigurationPlatforms) = postSolution
		{CD959629-36E2-4E50-A96F-F8AA51FC9E3C}.Debug|Any CPU.ActiveCfg = Debug|Any CPU
		{CD959629-36E2-4E50-A96F-F8AA51FC9E3C}.Debug|Any CPU.Build.0 = Debug|Any CPU
		{CD959629-36E2-4E50-A96F-F8AA51FC9E3C}.Release|Any CPU.ActiveCfg = Release|Any CPU
		{CD959629-36E2-4E50-A96F-F8AA51FC9E3C}.Release|Any CPU.Build.0 = Release|Any CPU
	EndGlobalSection
	GlobalSection(SolutionProperties) = preSolution
		HideSolutionNode = FALSE
	EndGlobalSection
	GlobalSection(ExtensibilityGlobals) = postSolution
		SolutionGuid = {2A688198-3546-4F7A-A469-7F471B3CB48D}
	EndGlobalSection
EndGlobal
